
Microsoft Visual Studio Solution File, Format Version 12.00
# Visual Studio Version 16
VisualStudioVersion = 16.0.31727.386
MinimumVisualStudioVersion = 10.0.40219.1
Project("{9A19103F-16F7-4668-BE54-9A1E7A4F7556}") = "DataAccess", "DataAccess\DataAccess.csproj", "{55B004D1-65FC-4A45-B287-4E9014A30EA0}"
EndProject
Project("{9A19103F-16F7-4668-BE54-9A1E7A4F7556}") = "Business", "Business\Business.csproj", "{303B0A27-1870-4512-9F3A-D641E801CEB8}"
EndProject
Project("{9A19103F-16F7-4668-BE54-9A1E7A4F7556}") = "Entities", "Entities\Entities.csproj", "{5DE2802F-6809-400E-BFF4-91695DBBE50E}"
EndProject
Project("{9A19103F-16F7-4668-BE54-9A1E7A4F7556}") = "ConsoleUI", "ConsoleUI\ConsoleUI.csproj", "{A5BD422B-A7DE-4895-AFCD-BB6E3C47E821}"
EndProject
Project("{9A19103F-16F7-4668-BE54-9A1E7A4F7556}") = "Core", "Core\Core.csproj", "{059CE055-046A-41DA-AE84-9C8426E34759}"
EndProject
Project("{FAE04EC0-301F-11D3-BF4B-00C04F79EFBC}") = "WebAPI", "WebAPI\WebAPI.csproj", "{AECC9713-CA8B-4C08-B515-501AC4A3A810}"
EndProject
Global
	GlobalSection(SolutionConfigurationPlatforms) = preSolution
		Debug|Any CPU = Debug|Any CPU
		Release|Any CPU = Release|Any CPU
	EndGlobalSection
	GlobalSection(ProjectConfigurationPlatforms) = postSolution
		{55B004D1-65FC-4A45-B287-4E9014A30EA0}.Debug|Any CPU.ActiveCfg = Debug|Any CPU
		{55B004D1-65FC-4A45-B287-4E9014A30EA0}.Debug|Any CPU.Build.0 = Debug|Any CPU
		{55B004D1-65FC-4A45-B287-4E9014A30EA0}.Release|Any CPU.ActiveCfg = Release|Any CPU
		{55B004D1-65FC-4A45-B287-4E9014A30EA0}.Release|Any CPU.Build.0 = Release|Any CPU
		{303B0A27-1870-4512-9F3A-D641E801CEB8}.Debug|Any CPU.ActiveCfg = Debug|Any CPU
		{303B0A27-1870-4512-9F3A-D641E801CEB8}.Debug|Any CPU.Build.0 = Debug|Any CPU
		{303B0A27-1870-4512-9F3A-D641E801CEB8}.Release|Any CPU.ActiveCfg = Release|Any CPU
		{303B0A27-1870-4512-9F3A-D641E801CEB8}.Release|Any CPU.Build.0 = Release|Any CPU
		{5DE2802F-6809-400E-BFF4-91695DBBE50E}.Debug|Any CPU.ActiveCfg = Debug|Any CPU
		{5DE2802F-6809-400E-BFF4-91695DBBE50E}.Debug|Any CPU.Build.0 = Debug|Any CPU
		{5DE2802F-6809-400E-BFF4-91695DBBE50E}.Release|Any CPU.ActiveCfg = Release|Any CPU
		{5DE2802F-6809-400E-BFF4-91695DBBE50E}.Release|Any CPU.Build.0 = Release|Any CPU
		{A5BD422B-A7DE-4895-AFCD-BB6E3C47E821}.Debug|Any CPU.ActiveCfg = Debug|Any CPU
		{A5BD422B-A7DE-4895-AFCD-BB6E3C47E821}.Debug|Any CPU.Build.0 = Debug|Any CPU
		{A5BD422B-A7DE-4895-AFCD-BB6E3C47E821}.Release|Any CPU.ActiveCfg = Release|Any CPU
		{A5BD422B-A7DE-4895-AFCD-BB6E3C47E821}.Release|Any CPU.Build.0 = Release|Any CPU
		{059CE055-046A-41DA-AE84-9C8426E34759}.Debug|Any CPU.ActiveCfg = Debug|Any CPU
		{059CE055-046A-41DA-AE84-9C8426E34759}.Debug|Any CPU.Build.0 = Debug|Any CPU
		{059CE055-046A-41DA-AE84-9C8426E34759}.Release|Any CPU.ActiveCfg = Release|Any CPU
		{059CE055-046A-41DA-AE84-9C8426E34759}.Release|Any CPU.Build.0 = Release|Any CPU
		{AECC9713-CA8B-4C08-B515-501AC4A3A810}.Debug|Any CPU.ActiveCfg = Debug|Any CPU
		{AECC9713-CA8B-4C08-B515-501AC4A3A810}.Debug|Any CPU.Build.0 = Debug|Any CPU
		{AECC9713-CA8B-4C08-B515-501AC4A3A810}.Release|Any CPU.ActiveCfg = Release|Any CPU
		{AECC9713-CA8B-4C08-B515-501AC4A3A810}.Release|Any CPU.Build.0 = Release|Any CPU
	EndGlobalSection
	GlobalSection(SolutionProperties) = preSolution
		HideSolutionNode = FALSE
	EndGlobalSection
	GlobalSection(ExtensibilityGlobals) = postSolution
		SolutionGuid = {E408583F-A4AC-4308-9349-856992598530}
	EndGlobalSection
EndGlobal
